# THIS IS AN AUTOGENERATED FILE. DO NOT EDIT THIS FILE DIRECTLY.
# yarn lockfile v1


"@saschb2b/npm-package-test@^0.1.0":
  version "0.1.0"
  resolved "https://npm.pkg.github.com/download/@saschb2b/npm-package-test/0.1.0/274a3070a45f9fd9991f36ec4a355e5e318f52d88ef1f448a23ba0bc4ee300f8#57e7ac8bdb3c187c110727e1626035c91cd8c197"
  integrity sha512-bm+JPg47tpQTa0LKENK0tzTECrFp/xU/bqqHwTlM4i8NeEKNWv3/sik5QI45hyXhPLAaUMHADbOulDVMnr6Ung==
